
Microsoft Visual Studio Solution File, Format Version 12.00
# Visual Studio Version 17
VisualStudioVersion = 17.5.002.0
MinimumVisualStudioVersion = 10.0.40219.1
Project("{9A19103F-16F7-4668-BE54-9A1E7A4F7556}") = "ExtratoPDF", "ExtratoPDF.csproj", "{18911A67-6C3A-4FC1-8DD2-AF05508A6631}"
EndProject
Global
	GlobalSection(SolutionConfigurationPlatforms) = preSolution
		Debug|Any CPU = Debug|Any CPU
		Release|Any CPU = Release|Any CPU
	EndGlobalSection
	GlobalSection(ProjectConfigurationPlatforms) = postSolution
		{18911A67-6C3A-4FC1-8DD2-AF05508A6631}.Debug|Any CPU.ActiveCfg = Debug|Any CPU
		{18911A67-6C3A-4FC1-8DD2-AF05508A6631}.Debug|Any CPU.Build.0 = Debug|Any CPU
		{18911A67-6C3A-4FC1-8DD2-AF05508A6631}.Release|Any CPU.ActiveCfg = Release|Any CPU
		{18911A67-6C3A-4FC1-8DD2-AF05508A6631}.Release|Any CPU.Build.0 = Release|Any CPU
	EndGlobalSection
	GlobalSection(SolutionProperties) = preSolution
		HideSolutionNode = FALSE
	EndGlobalSection
	GlobalSection(ExtensibilityGlobals) = postSolution
		SolutionGuid = {D0CEE5A0-5AB1-48A8-993F-B44B5D7B85B8}
	EndGlobalSection
EndGlobal
