
Microsoft Visual Studio Solution File, Format Version 12.00
# Visual Studio Version 17
VisualStudioVersion = 17.11.35219.272
MinimumVisualStudioVersion = 10.0.40219.1
Project("{9A19103F-16F7-4668-BE54-9A1E7A4F7556}") = "ExtratoPDF", "ExtratoPDF\ExtratoPDF.csproj", "{72B4ACD5-AAA6-49FC-8181-0BB34C01621A}"
EndProject
Project("{9A19103F-16F7-4668-BE54-9A1E7A4F7556}") = "ExtratoPDFLibrary", "ExtratoPDFLibrary\ExtratoPDFLibrary.csproj", "{FB450C0F-C433-4C0D-BD29-BF4EB7F0E022}"
EndProject
Global
	GlobalSection(SolutionConfigurationPlatforms) = preSolution
		Debug|Any CPU = Debug|Any CPU
		Release|Any CPU = Release|Any CPU
	EndGlobalSection
	GlobalSection(ProjectConfigurationPlatforms) = postSolution
		{72B4ACD5-AAA6-49FC-8181-0BB34C01621A}.Debug|Any CPU.ActiveCfg = Debug|Any CPU
		{72B4ACD5-AAA6-49FC-8181-0BB34C01621A}.Debug|Any CPU.Build.0 = Debug|Any CPU
		{72B4ACD5-AAA6-49FC-8181-0BB34C01621A}.Release|Any CPU.ActiveCfg = Release|Any CPU
		{72B4ACD5-AAA6-49FC-8181-0BB34C01621A}.Release|Any CPU.Build.0 = Release|Any CPU
		{FB450C0F-C433-4C0D-BD29-BF4EB7F0E022}.Debug|Any CPU.ActiveCfg = Debug|Any CPU
		{FB450C0F-C433-4C0D-BD29-BF4EB7F0E022}.Debug|Any CPU.Build.0 = Debug|Any CPU
		{FB450C0F-C433-4C0D-BD29-BF4EB7F0E022}.Release|Any CPU.ActiveCfg = Release|Any CPU
		{FB450C0F-C433-4C0D-BD29-BF4EB7F0E022}.Release|Any CPU.Build.0 = Release|Any CPU
	EndGlobalSection
	GlobalSection(SolutionProperties) = preSolution
		HideSolutionNode = FALSE
	EndGlobalSection
	GlobalSection(ExtensibilityGlobals) = postSolution
		SolutionGuid = {A5B6136B-A980-44D1-9BDD-A09E08A18959}
	EndGlobalSection
EndGlobal
